
Microsoft Visual Studio Solution File, Format Version 11.00
# Visual Studio 2010
Project("{FAE04EC0-301F-11D3-BF4B-00C04F79EFBC}") = "MajorPorductions", "MajorProductionsV2\MajorPorductions.csproj", "{7B9488E2-7B10-4DE0-A4C9-CDA4B5DC641B}"
EndProject
Project("{FAE04EC0-301F-11D3-BF4B-00C04F79EFBC}") = "MajorProductions.Tests", "MajorProductionsV2.Tests\MajorProductions.Tests.csproj", "{5418B4B9-A1FA-4C1D-96BE-E0BB5B2BDA64}"
EndProject
Global
	GlobalSection(SolutionConfigurationPlatforms) = preSolution
		Debug|Any CPU = Debug|Any CPU
		Release|Any CPU = Release|Any CPU
	EndGlobalSection
	GlobalSection(ProjectConfigurationPlatforms) = postSolution
		{7B9488E2-7B10-4DE0-A4C9-CDA4B5DC641B}.Debug|Any CPU.ActiveCfg = Debug|Any CPU
		{7B9488E2-7B10-4DE0-A4C9-CDA4B5DC641B}.Debug|Any CPU.Build.0 = Debug|Any CPU
		{7B9488E2-7B10-4DE0-A4C9-CDA4B5DC641B}.Release|Any CPU.ActiveCfg = Release|Any CPU
		{7B9488E2-7B10-4DE0-A4C9-CDA4B5DC641B}.Release|Any CPU.Build.0 = Release|Any CPU
		{5418B4B9-A1FA-4C1D-96BE-E0BB5B2BDA64}.Debug|Any CPU.ActiveCfg = Debug|Any CPU
		{5418B4B9-A1FA-4C1D-96BE-E0BB5B2BDA64}.Debug|Any CPU.Build.0 = Debug|Any CPU
		{5418B4B9-A1FA-4C1D-96BE-E0BB5B2BDA64}.Release|Any CPU.ActiveCfg = Release|Any CPU
		{5418B4B9-A1FA-4C1D-96BE-E0BB5B2BDA64}.Release|Any CPU.Build.0 = Release|Any CPU
	EndGlobalSection
	GlobalSection(SolutionProperties) = preSolution
		HideSolutionNode = FALSE
	EndGlobalSection
EndGlobal
